
Microsoft Visual Studio Solution File, Format Version 12.00
# Visual Studio Version 16
VisualStudioVersion = 16.0.31410.357
MinimumVisualStudioVersion = 10.0.40219.1
Project("{FAE04EC0-301F-11D3-BF4B-00C04F79EFBC}") = "SerilogTutorial", "SerilogTutorial\SerilogTutorial.csproj", "{F51AD9A2-36B1-4D05-9272-061C7686FB9D}"
EndProject
Global
	GlobalSection(SolutionConfigurationPlatforms) = preSolution
		Debug|Any CPU = Debug|Any CPU
		Release|Any CPU = Release|Any CPU
	EndGlobalSection
	GlobalSection(ProjectConfigurationPlatforms) = postSolution
		{F51AD9A2-36B1-4D05-9272-061C7686FB9D}.Debug|Any CPU.ActiveCfg = Debug|Any CPU
		{F51AD9A2-36B1-4D05-9272-061C7686FB9D}.Debug|Any CPU.Build.0 = Debug|Any CPU
		{F51AD9A2-36B1-4D05-9272-061C7686FB9D}.Release|Any CPU.ActiveCfg = Release|Any CPU
		{F51AD9A2-36B1-4D05-9272-061C7686FB9D}.Release|Any CPU.Build.0 = Release|Any CPU
	EndGlobalSection
	GlobalSection(SolutionProperties) = preSolution
		HideSolutionNode = FALSE
	EndGlobalSection
	GlobalSection(ExtensibilityGlobals) = postSolution
		SolutionGuid = {E3B86680-6568-41E9-87A1-C577ADFBCBFA}
	EndGlobalSection
EndGlobal
